// !$*UTF8*$!
{
	archiveVersion = 1;
	classes = {
	};
	objectVersion = 56;
	objects = {

/* Begin PBXBuildFile section */
		D82A1C072C4D1105002520D8 /* test.swift in Sources */ = {isa = PBXBuildFile; fileRef = D82A1C062C4D1105002520D8 /* test.swift */; };
		D8955AE22C4A27B500951BC5 /* AppDelegate.swift in Sources */ = {isa = PBXBuildFile; fileRef = D8955AE12C4A27B500951BC5 /* AppDelegate.swift */; };
		D8955AE42C4A27B500951BC5 /* SceneDelegate.swift in Sources */ = {isa = PBXBuildFile; fileRef = D8955AE32C4A27B500951BC5 /* SceneDelegate.swift */; };
		D8955AE62C4A27B500951BC5 /* ViewController.swift in Sources */ = {isa = PBXBuildFile; fileRef = D8955AE52C4A27B500951BC5 /* ViewController.swift */; };
		D8955AE92C4A27B500951BC5 /* Base in Resources */ = {isa = PBXBuildFile; fileRef = D8955AE82C4A27B500951BC5 /* Base */; };
		D8955AEB2C4A27B700951BC5 /* Assets.xcassets in Resources */ = {isa = PBXBuildFile; fileRef = D8955AEA2C4A27B700951BC5 /* Assets.xcassets */; };
		D8955AEE2C4A27B700951BC5 /* Base in Resources */ = {isa = PBXBuildFile; fileRef = D8955AED2C4A27B700951BC5 /* Base */; };
		D8955AF72C4A27F200951BC5 /* SnapKit in Frameworks */ = {isa = PBXBuildFile; productRef = D8955AF62C4A27F200951BC5 /* SnapKit */; };
		D8955AFA2C4A280100951BC5 /* Kingfisher in Frameworks */ = {isa = PBXBuildFile; productRef = D8955AF92C4A280100951BC5 /* Kingfisher */; };
		D8955AFC2C4A2B0000951BC5 /* List.swift in Sources */ = {isa = PBXBuildFile; fileRef = D8955AFB2C4A2B0000951BC5 /* List.swift */; };
		D8F8959D2C4D040D00B4038C /* TravelViewController.swift in Sources */ = {isa = PBXBuildFile; fileRef = D8F8959C2C4D040D00B4038C /* TravelViewController.swift */; };
/* End PBXBuildFile section */

/* Begin PBXFileReference section */
		D82A1C062C4D1105002520D8 /* test.swift */ = {isa = PBXFileReference; lastKnownFileType = sourcecode.swift; path = test.swift; sourceTree = "<group>"; };
		D8955ADE2C4A27B500951BC5 /* Diffablemini.app */ = {isa = PBXFileReference; explicitFileType = wrapper.application; includeInIndex = 0; path = Diffablemini.app; sourceTree = BUILT_PRODUCTS_DIR; };
		D8955AE12C4A27B500951BC5 /* AppDelegate.swift */ = {isa = PBXFileReference; lastKnownFileType = sourcecode.swift; path = AppDelegate.swift; sourceTree = "<group>"; };
		D8955AE32C4A27B500951BC5 /* SceneDelegate.swift */ = {isa = PBXFileReference; lastKnownFileType = sourcecode.swift; path = SceneDelegate.swift; sourceTree = "<group>"; };
		D8955AE52C4A27B500951BC5 /* ViewController.swift */ = {isa = PBXFileReference; lastKnownFileType = sourcecode.swift; path = ViewController.swift; sourceTree = "<group>"; };
		D8955AE82C4A27B500951BC5 /* Base */ = {isa = PBXFileReference; lastKnownFileType = file.storyboard; name = Base; path = Base.lproj/Main.storyboard; sourceTree = "<group>"; };
		D8955AEA2C4A27B700951BC5 /* Assets.xcassets */ = {isa = PBXFileReference; lastKnownFileType = folder.assetcatalog; path = Assets.xcassets; sourceTree = "<group>"; };
		D8955AED2C4A27B700951BC5 /* Base */ = {isa = PBXFileReference; lastKnownFileType = file.storyboard; name = Base; path = Base.lproj/LaunchScreen.storyboard; sourceTree = "<group>"; };
		D8955AEF2C4A27B700951BC5 /* Info.plist */ = {isa = PBXFileReference; lastKnownFileType = text.plist.xml; path = Info.plist; sourceTree = "<group>"; };
		D8955AFB2C4A2B0000951BC5 /* List.swift */ = {isa = PBXFileReference; lastKnownFileType = sourcecode.swift; path = List.swift; sourceTree = "<group>"; };
		D8F8959C2C4D040D00B4038C /* TravelViewController.swift */ = {isa = PBXFileReference; lastKnownFileType = sourcecode.swift; path = TravelViewController.swift; sourceTree = "<group>"; };
/* End PBXFileReference section */

/* Begin PBXFrameworksBuildPhase section */
		D8955ADB2C4A27B500951BC5 /* Frameworks */ = {
			isa = PBXFrameworksBuildPhase;
			buildActionMask = 2147483647;
			files = (
				D8955AFA2C4A280100951BC5 /* Kingfisher in Frameworks */,
				D8955AF72C4A27F200951BC5 /* SnapKit in Frameworks */,
			);
			runOnlyForDeploymentPostprocessing = 0;
		};
/* End PBXFrameworksBuildPhase section */

/* Begin PBXGroup section */
		D8955AD52C4A27B500951BC5 = {
			isa = PBXGroup;
			children = (
				D8955AE02C4A27B500951BC5 /* Diffablemini */,
				D8955ADF2C4A27B500951BC5 /* Products */,
			);
			sourceTree = "<group>";
		};
		D8955ADF2C4A27B500951BC5 /* Products */ = {
			isa = PBXGroup;
			children = (
				D8955ADE2C4A27B500951BC5 /* Diffablemini.app */,
			);
			name = Products;
			sourceTree = "<group>";
		};
		D8955AE02C4A27B500951BC5 /* Diffablemini */ = {
			isa = PBXGroup;
			children = (
				D8F8959B2C4D03F500B4038C /* Travel */,
				D8955AE12C4A27B500951BC5 /* AppDelegate.swift */,
				D8955AE32C4A27B500951BC5 /* SceneDelegate.swift */,
				D8955AE52C4A27B500951BC5 /* ViewController.swift */,
				D8955AFB2C4A2B0000951BC5 /* List.swift */,
				D8955AE72C4A27B500951BC5 /* Main.storyboard */,
				D8955AEA2C4A27B700951BC5 /* Assets.xcassets */,
				D8955AEC2C4A27B700951BC5 /* LaunchScreen.storyboard */,
				D8955AEF2C4A27B700951BC5 /* Info.plist */,
				D82A1C062C4D1105002520D8 /* test.swift */,
			);
			path = Diffablemini;
			sourceTree = "<group>";
		};
		D8F8959B2C4D03F500B4038C /* Travel */ = {
			isa = PBXGroup;
			children = (
				D8F8959C2C4D040D00B4038C /* TravelViewController.swift */,
			);
			path = Travel;
			sourceTree = "<group>";
		};
/* End PBXGroup section */

/* Begin PBXNativeTarget section */
		D8955ADD2C4A27B500951BC5 /* Diffablemini */ = {
			isa = PBXNativeTarget;
			buildConfigurationList = D8955AF22C4A27B700951BC5 /* Build configuration list for PBXNativeTarget "Diffablemini" */;
			buildPhases = (
				D8955ADA2C4A27B500951BC5 /* Sources */,
				D8955ADB2C4A27B500951BC5 /* Frameworks */,
				D8955ADC2C4A27B500951BC5 /* Resources */,
			);
			buildRules = (
			);
			dependencies = (
			);
			name = Diffablemini;
			packageProductDependencies = (
				D8955AF62C4A27F200951BC5 /* SnapKit */,
				D8955AF92C4A280100951BC5 /* Kingfisher */,
			);
			productName = Diffablemini;
			productReference = D8955ADE2C4A27B500951BC5 /* Diffablemini.app */;
			productType = "com.apple.product-type.application";
		};
/* End PBXNativeTarget section */

/* Begin PBXProject section */
		D8955AD62C4A27B500951BC5 /* Project object */ = {
			isa = PBXProject;
			attributes = {
				BuildIndependentTargetsInParallel = 1;
				LastSwiftUpdateCheck = 1540;
				LastUpgradeCheck = 1540;
				TargetAttributes = {
					D8955ADD2C4A27B500951BC5 = {
						CreatedOnToolsVersion = 15.4;
					};
				};
			};
			buildConfigurationList = D8955AD92C4A27B500951BC5 /* Build configuration list for PBXProject "Diffablemini" */;
			compatibilityVersion = "Xcode 14.0";
			developmentRegion = en;
			hasScannedForEncodings = 0;
			knownRegions = (
				en,
				Base,
			);
			mainGroup = D8955AD52C4A27B500951BC5;
			packageReferences = (
				D8955AF52C4A27F200951BC5 /* XCRemoteSwiftPackageReference "SnapKit" */,
				D8955AF82C4A280100951BC5 /* XCRemoteSwiftPackageReference "Kingfisher" */,
			);
			productRefGroup = D8955ADF2C4A27B500951BC5 /* Products */;
			projectDirPath = "";
			projectRoot = "";
			targets = (
				D8955ADD2C4A27B500951BC5 /* Diffablemini */,
			);
		};
/* End PBXProject section */

/* Begin PBXResourcesBuildPhase section */
		D8955ADC2C4A27B500951BC5 /* Resources */ = {
			isa = PBXResourcesBuildPhase;
			buildActionMask = 2147483647;
			files = (
				D8955AEB2C4A27B700951BC5 /* Assets.xcassets in Resources */,
				D8955AEE2C4A27B700951BC5 /* Base in Resources */,
				D8955AE92C4A27B500951BC5 /* Base in Resources */,
			);
			runOnlyForDeploymentPostprocessing = 0;
		};
/* End PBXResourcesBuildPhase section */

/* Begin PBXSourcesBuildPhase section */
		D8955ADA2C4A27B500951BC5 /* Sources */ = {
			isa = PBXSourcesBuildPhase;
			buildActionMask = 2147483647;
			files = (
				D8955AE62C4A27B500951BC5 /* ViewController.swift in Sources */,
				D82A1C072C4D1105002520D8 /* test.swift in Sources */,
				D8955AFC2C4A2B0000951BC5 /* List.swift in Sources */,
				D8955AE22C4A27B500951BC5 /* AppDelegate.swift in Sources */,
				D8955AE42C4A27B500951BC5 /* SceneDelegate.swift in Sources */,
				D8F8959D2C4D040D00B4038C /* TravelViewController.swift in Sources */,
			);
			runOnlyForDeploymentPostprocessing = 0;
		};
/* End PBXSourcesBuildPhase section */

/* Begin PBXVariantGroup section */
		D8955AE72C4A27B500951BC5 /* Main.storyboard */ = {
			isa = PBXVariantGroup;
			children = (
				D8955AE82C4A27B500951BC5 /* Base */,
			);
			name = Main.storyboard;
			sourceTree = "<group>";
		};
		D8955AEC2C4A27B700951BC5 /* LaunchScreen.storyboard */ = {
			isa = PBXVariantGroup;
			children = (
				D8955AED2C4A27B700951BC5 /* Base */,
			);
			name = LaunchScreen.storyboard;
			sourceTree = "<group>";
		};
/* End PBXVariantGroup section */

/* Begin XCBuildConfiguration section */
		D8955AF02C4A27B700951BC5 /* Debug */ = {
			isa = XCBuildConfiguration;
			buildSettings = {
				ALWAYS_SEARCH_USER_PATHS = NO;
				ASSETCATALOG_COMPILER_GENERATE_SWIFT_ASSET_SYMBOL_EXTENSIONS = YES;
				CLANG_ANALYZER_NONNULL = YES;
				CLANG_ANALYZER_NUMBER_OBJECT_CONVERSION = YES_AGGRESSIVE;
				CLANG_CXX_LANGUAGE_STANDARD = "gnu++20";
				CLANG_ENABLE_MODULES = YES;
				CLANG_ENABLE_OBJC_ARC = YES;
				CLANG_ENABLE_OBJC_WEAK = YES;
				CLANG_WARN_BLOCK_CAPTURE_AUTORELEASING = YES;
				CLANG_WARN_BOOL_CONVERSION = YES;
				CLANG_WARN_COMMA = YES;
				CLANG_WARN_CONSTANT_CONVERSION = YES;
				CLANG_WARN_DEPRECATED_OBJC_IMPLEMENTATIONS = YES;
				CLANG_WARN_DIRECT_OBJC_ISA_USAGE = YES_ERROR;
				CLANG_WARN_DOCUMENTATION_COMMENTS = YES;
				CLANG_WARN_EMPTY_BODY = YES;
				CLANG_WARN_ENUM_CONVERSION = YES;
				CLANG_WARN_INFINITE_RECURSION = YES;
				CLANG_WARN_INT_CONVERSION = YES;
				CLANG_WARN_NON_LITERAL_NULL_CONVERSION = YES;
				CLANG_WARN_OBJC_IMPLICIT_RETAIN_SELF = YES;
				CLANG_WARN_OBJC_LITERAL_CONVERSION = YES;
				CLANG_WARN_OBJC_ROOT_CLASS = YES_ERROR;
				CLANG_WARN_QUOTED_INCLUDE_IN_FRAMEWORK_HEADER = YES;
				CLANG_WARN_RANGE_LOOP_ANALYSIS = YES;
				CLANG_WARN_STRICT_PROTOTYPES = YES;
				CLANG_WARN_SUSPICIOUS_MOVE = YES;
				CLANG_WARN_UNGUARDED_AVAILABILITY = YES_AGGRESSIVE;
				CLANG_WARN_UNREACHABLE_CODE = YES;
				CLANG_WARN__DUPLICATE_METHOD_MATCH = YES;
				COPY_PHASE_STRIP = NO;
				DEBUG_INFORMATION_FORMAT = dwarf;
				ENABLE_STRICT_OBJC_MSGSEND = YES;
				ENABLE_TESTABILITY = YES;
				ENABLE_USER_SCRIPT_SANDBOXING = YES;
				GCC_C_LANGUAGE_STANDARD = gnu17;
				GCC_DYNAMIC_NO_PIC = NO;
				GCC_NO_COMMON_BLOCKS = YES;
				GCC_OPTIMIZATION_LEVEL = 0;
				GCC_PREPROCESSOR_DEFINITIONS = (
					"DEBUG=1",
					"$(inherited)",
				);
				GCC_WARN_64_TO_32_BIT_CONVERSION = YES;
				GCC_WARN_ABOUT_RETURN_TYPE = YES_ERROR;
				GCC_WARN_UNDECLARED_SELECTOR = YES;
				GCC_WARN_UNINITIALIZED_AUTOS = YES_AGGRESSIVE;
				GCC_WARN_UNUSED_FUNCTION = YES;
				GCC_WARN_UNUSED_VARIABLE = YES;
				IPHONEOS_DEPLOYMENT_TARGET = 17.5;
				LOCALIZATION_PREFERS_STRING_CATALOGS = YES;
				MTL_ENABLE_DEBUG_INFO = INCLUDE_SOURCE;
				MTL_FAST_MATH = YES;
				ONLY_ACTIVE_ARCH = YES;
				SDKROOT = iphoneos;
				SWIFT_ACTIVE_COMPILATION_CONDITIONS = "DEBUG $(inherited)";
				SWIFT_OPTIMIZATION_LEVEL = "-Onone";
			};
			name = Debug;
		};
		D8955AF12C4A27B700951BC5 /* Release */ = {
			isa = XCBuildConfiguration;
			buildSettings = {
				ALWAYS_SEARCH_USER_PATHS = NO;
				ASSETCATALOG_COMPILER_GENERATE_SWIFT_ASSET_SYMBOL_EXTENSIONS = YES;
				CLANG_ANALYZER_NONNULL = YES;
				CLANG_ANALYZER_NUMBER_OBJECT_CONVERSION = YES_AGGRESSIVE;
				CLANG_CXX_LANGUAGE_STANDARD = "gnu++20";
				CLANG_ENABLE_MODULES = YES;
				CLANG_ENABLE_OBJC_ARC = YES;
				CLANG_ENABLE_OBJC_WEAK = YES;
				CLANG_WARN_BLOCK_CAPTURE_AUTORELEASING = YES;
				CLANG_WARN_BOOL_CONVERSION = YES;
				CLANG_WARN_COMMA = YES;
				CLANG_WARN_CONSTANT_CONVERSION = YES;
				CLANG_WARN_DEPRECATED_OBJC_IMPLEMENTATIONS = YES;
				CLANG_WARN_DIRECT_OBJC_ISA_USAGE = YES_ERROR;
				CLANG_WARN_DOCUMENTATION_COMMENTS = YES;
				CLANG_WARN_EMPTY_BODY = YES;
				CLANG_WARN_ENUM_CONVERSION = YES;
				CLANG_WARN_INFINITE_RECURSION = YES;
				CLANG_WARN_INT_CONVERSION = YES;
				CLANG_WARN_NON_LITERAL_NULL_CONVERSION = YES;
				CLANG_WARN_OBJC_IMPLICIT_RETAIN_SELF = YES;
				CLANG_WARN_OBJC_LITERAL_CONVERSION = YES;
				CLANG_WARN_OBJC_ROOT_CLASS = YES_ERROR;
				CLANG_WARN_QUOTED_INCLUDE_IN_FRAMEWORK_HEADER = YES;
				CLANG_WARN_RANGE_LOOP_ANALYSIS = YES;
				CLANG_WARN_STRICT_PROTOTYPES = YES;
				CLANG_WARN_SUSPICIOUS_MOVE = YES;
				CLANG_WARN_UNGUARDED_AVAILABILITY = YES_AGGRESSIVE;
				CLANG_WARN_UNREACHABLE_CODE = YES;
				CLANG_WARN__DUPLICATE_METHOD_MATCH = YES;
				COPY_PHASE_STRIP = NO;
				DEBUG_INFORMATION_FORMAT = "dwarf-with-dsym";
				ENABLE_NS_ASSERTIONS = NO;
				ENABLE_STRICT_OBJC_MSGSEND = YES;
				ENABLE_USER_SCRIPT_SANDBOXING = YES;
				GCC_C_LANGUAGE_STANDARD = gnu17;
				GCC_NO_COMMON_BLOCKS = YES;
				GCC_WARN_64_TO_32_BIT_CONVERSION = YES;
				GCC_WARN_ABOUT_RETURN_TYPE = YES_ERROR;
				GCC_WARN_UNDECLARED_SELECTOR = YES;
				GCC_WARN_UNINITIALIZED_AUTOS = YES_AGGRESSIVE;
				GCC_WARN_UNUSED_FUNCTION = YES;
				GCC_WARN_UNUSED_VARIABLE = YES;
				IPHONEOS_DEPLOYMENT_TARGET = 17.5;
				LOCALIZATION_PREFERS_STRING_CATALOGS = YES;
				MTL_ENABLE_DEBUG_INFO = NO;
				MTL_FAST_MATH = YES;
				SDKROOT = iphoneos;
				SWIFT_COMPILATION_MODE = wholemodule;
				VALIDATE_PRODUCT = YES;
			};
			name = Release;
		};
		D8955AF32C4A27B700951BC5 /* Debug */ = {
			isa = XCBuildConfiguration;
			buildSettings = {
				ASSETCATALOG_COMPILER_APPICON_NAME = AppIcon;
				ASSETCATALOG_COMPILER_GLOBAL_ACCENT_COLOR_NAME = AccentColor;
				CODE_SIGN_STYLE = Automatic;
				CURRENT_PROJECT_VERSION = 1;
				GENERATE_INFOPLIST_FILE = YES;
				INFOPLIST_FILE = Diffablemini/Info.plist;
				INFOPLIST_KEY_UIApplicationSupportsIndirectInputEvents = YES;
				INFOPLIST_KEY_UILaunchStoryboardName = LaunchScreen;
				INFOPLIST_KEY_UIMainStoryboardFile = Main;
				INFOPLIST_KEY_UISupportedInterfaceOrientations = UIInterfaceOrientationPortrait;
				INFOPLIST_KEY_UISupportedInterfaceOrientations_iPad = "UIInterfaceOrientationLandscapeLeft UIInterfaceOrientationLandscapeRight UIInterfaceOrientationPortrait UIInterfaceOrientationPortraitUpsideDown";
				IPHONEOS_DEPLOYMENT_TARGET = 17.0;
				LD_RUNPATH_SEARCH_PATHS = (
					"$(inherited)",
					"@executable_path/Frameworks",
				);
				MARKETING_VERSION = 1.0;
				PRODUCT_BUNDLE_IDENTIFIER = com.sesac.Diffablemini;
				PRODUCT_NAME = "$(TARGET_NAME)";
				SUPPORTED_PLATFORMS = "iphoneos iphonesimulator";
				SUPPORTS_MACCATALYST = NO;
				SUPPORTS_MAC_DESIGNED_FOR_IPHONE_IPAD = NO;
				SUPPORTS_XR_DESIGNED_FOR_IPHONE_IPAD = NO;
				SWIFT_EMIT_LOC_STRINGS = YES;
				SWIFT_VERSION = 5.0;
				TARGETED_DEVICE_FAMILY = 1;
			};
			name = Debug;
		};
		D8955AF42C4A27B700951BC5 /* Release */ = {
			isa = XCBuildConfiguration;
			buildSettings = {
				ASSETCATALOG_COMPILER_APPICON_NAME = AppIcon;
				ASSETCATALOG_COMPILER_GLOBAL_ACCENT_COLOR_NAME = AccentColor;
				CODE_SIGN_STYLE = Automatic;
				CURRENT_PROJECT_VERSION = 1;
				GENERATE_INFOPLIST_FILE = YES;
				INFOPLIST_FILE = Diffablemini/Info.plist;
				INFOPLIST_KEY_UIApplicationSupportsIndirectInputEvents = YES;
				INFOPLIST_KEY_UILaunchStoryboardName = LaunchScreen;
				INFOPLIST_KEY_UIMainStoryboardFile = Main;
				INFOPLIST_KEY_UISupportedInterfaceOrientations = UIInterfaceOrientationPortrait;
				INFOPLIST_KEY_UISupportedInterfaceOrientations_iPad = "UIInterfaceOrientationLandscapeLeft UIInterfaceOrientationLandscapeRight UIInterfaceOrientationPortrait UIInterfaceOrientationPortraitUpsideDown";
				IPHONEOS_DEPLOYMENT_TARGET = 17.0;
				LD_RUNPATH_SEARCH_PATHS = (
					"$(inherited)",
					"@executable_path/Frameworks",
				);
				MARKETING_VERSION = 1.0;
				PRODUCT_BUNDLE_IDENTIFIER = com.sesac.Diffablemini;
				PRODUCT_NAME = "$(TARGET_NAME)";
				SUPPORTED_PLATFORMS = "iphoneos iphonesimulator";
				SUPPORTS_MACCATALYST = NO;
				SUPPORTS_MAC_DESIGNED_FOR_IPHONE_IPAD = NO;
				SUPPORTS_XR_DESIGNED_FOR_IPHONE_IPAD = NO;
				SWIFT_EMIT_LOC_STRINGS = YES;
				SWIFT_VERSION = 5.0;
				TARGETED_DEVICE_FAMILY = 1;
			};
			name = Release;
		};
/* End XCBuildConfiguration section */

/* Begin XCConfigurationList section */
		D8955AD92C4A27B500951BC5 /* Build configuration list for PBXProject "Diffablemini" */ = {
			isa = XCConfigurationList;
			buildConfigurations = (
				D8955AF02C4A27B700951BC5 /* Debug */,
				D8955AF12C4A27B700951BC5 /* Release */,
			);
			defaultConfigurationIsVisible = 0;
			defaultConfigurationName = Release;
		};
		D8955AF22C4A27B700951BC5 /* Build configuration list for PBXNativeTarget "Diffablemini" */ = {
			isa = XCConfigurationList;
			buildConfigurations = (
				D8955AF32C4A27B700951BC5 /* Debug */,
				D8955AF42C4A27B700951BC5 /* Release */,
			);
			defaultConfigurationIsVisible = 0;
			defaultConfigurationName = Release;
		};
/* End XCConfigurationList section */

/* Begin XCRemoteSwiftPackageReference section */
		D8955AF52C4A27F200951BC5 /* XCRemoteSwiftPackageReference "SnapKit" */ = {
			isa = XCRemoteSwiftPackageReference;
			repositoryURL = "https://github.com/SnapKit/SnapKit.git";
			requirement = {
				kind = upToNextMajorVersion;
				minimumVersion = 5.7.1;
			};
		};
		D8955AF82C4A280100951BC5 /* XCRemoteSwiftPackageReference "Kingfisher" */ = {
			isa = XCRemoteSwiftPackageReference;
			repositoryURL = "https://github.com/onevcat/Kingfisher.git";
			requirement = {
				kind = upToNextMajorVersion;
				minimumVersion = 7.12.0;
			};
		};
/* End XCRemoteSwiftPackageReference section */

/* Begin XCSwiftPackageProductDependency section */
		D8955AF62C4A27F200951BC5 /* SnapKit */ = {
			isa = XCSwiftPackageProductDependency;
			package = D8955AF52C4A27F200951BC5 /* XCRemoteSwiftPackageReference "SnapKit" */;
			productName = SnapKit;
		};
		D8955AF92C4A280100951BC5 /* Kingfisher */ = {
			isa = XCSwiftPackageProductDependency;
			package = D8955AF82C4A280100951BC5 /* XCRemoteSwiftPackageReference "Kingfisher" */;
			productName = Kingfisher;
		};
/* End XCSwiftPackageProductDependency section */
	};
	rootObject = D8955AD62C4A27B500951BC5 /* Project object */;
}
